// !$*UTF8*$!
{
	archiveVersion = 1;
	classes = {
	};
	objectVersion = 50;
	objects = {

/* Begin PBXBuildFile section */
		01789EB9260FB77B0088F773 /* AppDelegate.swift in Sources */ = {isa = PBXBuildFile; fileRef = 01789EB8260FB77B0088F773 /* AppDelegate.swift */; };
		01789EBD260FB77B0088F773 /* FeedViewController.swift in Sources */ = {isa = PBXBuildFile; fileRef = 01789EBC260FB77B0088F773 /* FeedViewController.swift */; };
		01789EC2260FB7800088F773 /* Assets.xcassets in Resources */ = {isa = PBXBuildFile; fileRef = 01789EC1260FB7800088F773 /* Assets.xcassets */; };
		01789EC5260FB7800088F773 /* LaunchScreen.storyboard in Resources */ = {isa = PBXBuildFile; fileRef = 01789EC3260FB7800088F773 /* LaunchScreen.storyboard */; };
		01789ED3260FBE990088F773 /* MainNavigationController.swift in Sources */ = {isa = PBXBuildFile; fileRef = 01789ED2260FBE990088F773 /* MainNavigationController.swift */; };
		01789ED8260FC1310088F773 /* FeedModel.swift in Sources */ = {isa = PBXBuildFile; fileRef = 01789ED7260FC1310088F773 /* FeedModel.swift */; };
		01789EDB260FC1D80088F773 /* FeedView.swift in Sources */ = {isa = PBXBuildFile; fileRef = 01789EDA260FC1D80088F773 /* FeedView.swift */; };
		01789EE0260FC4180088F773 /* Tour.swift in Sources */ = {isa = PBXBuildFile; fileRef = 01789EDF260FC4180088F773 /* Tour.swift */; };
		01789EE5260FC56D0088F773 /* ToursNetworkService.swift in Sources */ = {isa = PBXBuildFile; fileRef = 01789EE4260FC56D0088F773 /* ToursNetworkService.swift */; };
		01789EE9260FC71D0088F773 /* Podfile in Resources */ = {isa = PBXBuildFile; fileRef = 01789EE8260FC71D0088F773 /* Podfile */; };
		16A8C31F29533BD7BD90B4A9 /* Pods_TravelGuide.framework in Frameworks */ = {isa = PBXBuildFile; fileRef = D357DC0B6B61C08F01D5E39F /* Pods_TravelGuide.framework */; };
/* End PBXBuildFile section */

/* Begin PBXFileReference section */
		01789EB5260FB77B0088F773 /* TravelGuide.app */ = {isa = PBXFileReference; explicitFileType = wrapper.application; includeInIndex = 0; path = TravelGuide.app; sourceTree = BUILT_PRODUCTS_DIR; };
		01789EB8260FB77B0088F773 /* AppDelegate.swift */ = {isa = PBXFileReference; lastKnownFileType = sourcecode.swift; path = AppDelegate.swift; sourceTree = "<group>"; };
		01789EBC260FB77B0088F773 /* FeedViewController.swift */ = {isa = PBXFileReference; lastKnownFileType = sourcecode.swift; path = FeedViewController.swift; sourceTree = "<group>"; };
		01789EC1260FB7800088F773 /* Assets.xcassets */ = {isa = PBXFileReference; lastKnownFileType = folder.assetcatalog; path = Assets.xcassets; sourceTree = "<group>"; };
		01789EC4260FB7800088F773 /* Base */ = {isa = PBXFileReference; lastKnownFileType = file.storyboard; name = Base; path = Base.lproj/LaunchScreen.storyboard; sourceTree = "<group>"; };
		01789EC6260FB7800088F773 /* Info.plist */ = {isa = PBXFileReference; lastKnownFileType = text.plist.xml; path = Info.plist; sourceTree = "<group>"; };
		01789ED2260FBE990088F773 /* MainNavigationController.swift */ = {isa = PBXFileReference; lastKnownFileType = sourcecode.swift; path = MainNavigationController.swift; sourceTree = "<group>"; };
		01789ED7260FC1310088F773 /* FeedModel.swift */ = {isa = PBXFileReference; lastKnownFileType = sourcecode.swift; path = FeedModel.swift; sourceTree = "<group>"; };
		01789EDA260FC1D80088F773 /* FeedView.swift */ = {isa = PBXFileReference; lastKnownFileType = sourcecode.swift; path = FeedView.swift; sourceTree = "<group>"; };
		01789EDF260FC4180088F773 /* Tour.swift */ = {isa = PBXFileReference; lastKnownFileType = sourcecode.swift; path = Tour.swift; sourceTree = "<group>"; };
		01789EE4260FC56D0088F773 /* ToursNetworkService.swift */ = {isa = PBXFileReference; lastKnownFileType = sourcecode.swift; path = ToursNetworkService.swift; sourceTree = "<group>"; };
		01789EE8260FC71D0088F773 /* Podfile */ = {isa = PBXFileReference; fileEncoding = 4; lastKnownFileType = text; path = Podfile; sourceTree = "<group>"; };
		C22246A20D9A957D69F9153C /* Pods-TravelGuide.debug.xcconfig */ = {isa = PBXFileReference; includeInIndex = 1; lastKnownFileType = text.xcconfig; name = "Pods-TravelGuide.debug.xcconfig"; path = "Target Support Files/Pods-TravelGuide/Pods-TravelGuide.debug.xcconfig"; sourceTree = "<group>"; };
		C70C83DF6AF45A4F41436664 /* Pods-TravelGuide.release.xcconfig */ = {isa = PBXFileReference; includeInIndex = 1; lastKnownFileType = text.xcconfig; name = "Pods-TravelGuide.release.xcconfig"; path = "Target Support Files/Pods-TravelGuide/Pods-TravelGuide.release.xcconfig"; sourceTree = "<group>"; };
		D357DC0B6B61C08F01D5E39F /* Pods_TravelGuide.framework */ = {isa = PBXFileReference; explicitFileType = wrapper.framework; includeInIndex = 0; path = Pods_TravelGuide.framework; sourceTree = BUILT_PRODUCTS_DIR; };
/* End PBXFileReference section */

/* Begin PBXFrameworksBuildPhase section */
		01789EB2260FB77B0088F773 /* Frameworks */ = {
			isa = PBXFrameworksBuildPhase;
			buildActionMask = 2147483647;
			files = (
				16A8C31F29533BD7BD90B4A9 /* Pods_TravelGuide.framework in Frameworks */,
			);
			runOnlyForDeploymentPostprocessing = 0;
		};
/* End PBXFrameworksBuildPhase section */

/* Begin PBXGroup section */
		01789EAC260FB77B0088F773 = {
			isa = PBXGroup;
			children = (
				01789EE8260FC71D0088F773 /* Podfile */,
				01789EB7260FB77B0088F773 /* TravelGuide */,
				01789EB6260FB77B0088F773 /* Products */,
				C136FC1E40B6CB8B3EFF2A31 /* Pods */,
				75C6BAC2F1CBFE216E284ECE /* Frameworks */,
			);
			sourceTree = "<group>";
		};
		01789EB6260FB77B0088F773 /* Products */ = {
			isa = PBXGroup;
			children = (
				01789EB5260FB77B0088F773 /* TravelGuide.app */,
			);
			name = Products;
			sourceTree = "<group>";
		};
		01789EB7260FB77B0088F773 /* TravelGuide */ = {
			isa = PBXGroup;
			children = (
				01789EE3260FC4FF0088F773 /* Networkers */,
				01789EDE260FC3BF0088F773 /* Entities */,
				01789ED6260FBF540088F773 /* Feed */,
				01789EB8260FB77B0088F773 /* AppDelegate.swift */,
				01789EC1260FB7800088F773 /* Assets.xcassets */,
				01789EC3260FB7800088F773 /* LaunchScreen.storyboard */,
				01789EC6260FB7800088F773 /* Info.plist */,
				01789ED2260FBE990088F773 /* MainNavigationController.swift */,
			);
			path = TravelGuide;
			sourceTree = "<group>";
		};
		01789ED6260FBF540088F773 /* Feed */ = {
			isa = PBXGroup;
			children = (
				01789EBC260FB77B0088F773 /* FeedViewController.swift */,
				01789ED7260FC1310088F773 /* FeedModel.swift */,
				01789EDA260FC1D80088F773 /* FeedView.swift */,
			);
			path = Feed;
			sourceTree = "<group>";
		};
		01789EDE260FC3BF0088F773 /* Entities */ = {
			isa = PBXGroup;
			children = (
				01789EDF260FC4180088F773 /* Tour.swift */,
			);
			path = Entities;
			sourceTree = "<group>";
		};
		01789EE3260FC4FF0088F773 /* Networkers */ = {
			isa = PBXGroup;
			children = (
				01789EE4260FC56D0088F773 /* ToursNetworkService.swift */,
			);
			path = Networkers;
			sourceTree = "<group>";
		};
		75C6BAC2F1CBFE216E284ECE /* Frameworks */ = {
			isa = PBXGroup;
			children = (
				D357DC0B6B61C08F01D5E39F /* Pods_TravelGuide.framework */,
			);
			name = Frameworks;
			sourceTree = "<group>";
		};
		C136FC1E40B6CB8B3EFF2A31 /* Pods */ = {
			isa = PBXGroup;
			children = (
				C22246A20D9A957D69F9153C /* Pods-TravelGuide.debug.xcconfig */,
				C70C83DF6AF45A4F41436664 /* Pods-TravelGuide.release.xcconfig */,
			);
			name = Pods;
			path = Pods;
			sourceTree = "<group>";
		};
/* End PBXGroup section */

/* Begin PBXNativeTarget section */
		01789EB4260FB77B0088F773 /* TravelGuide */ = {
			isa = PBXNativeTarget;
			buildConfigurationList = 01789EC9260FB7800088F773 /* Build configuration list for PBXNativeTarget "TravelGuide" */;
			buildPhases = (
				6D8EE002105E370EEC259C07 /* [CP] Check Pods Manifest.lock */,
				01789EB1260FB77B0088F773 /* Sources */,
				01789EB2260FB77B0088F773 /* Frameworks */,
				01789EB3260FB77B0088F773 /* Resources */,
				7055096BE7A70B95DCE9CECE /* [CP] Embed Pods Frameworks */,
			);
			buildRules = (
			);
			dependencies = (
			);
			name = TravelGuide;
			productName = TravelGuide;
			productReference = 01789EB5260FB77B0088F773 /* TravelGuide.app */;
			productType = "com.apple.product-type.application";
		};
/* End PBXNativeTarget section */

/* Begin PBXProject section */
		01789EAD260FB77B0088F773 /* Project object */ = {
			isa = PBXProject;
			attributes = {
				LastSwiftUpdateCheck = 1240;
				LastUpgradeCheck = 1240;
				TargetAttributes = {
					01789EB4260FB77B0088F773 = {
						CreatedOnToolsVersion = 12.4;
					};
				};
			};
			buildConfigurationList = 01789EB0260FB77B0088F773 /* Build configuration list for PBXProject "TravelGuide" */;
			compatibilityVersion = "Xcode 9.3";
			developmentRegion = en;
			hasScannedForEncodings = 0;
			knownRegions = (
				en,
				Base,
			);
			mainGroup = 01789EAC260FB77B0088F773;
			productRefGroup = 01789EB6260FB77B0088F773 /* Products */;
			projectDirPath = "";
			projectRoot = "";
			targets = (
				01789EB4260FB77B0088F773 /* TravelGuide */,
			);
		};
/* End PBXProject section */

/* Begin PBXResourcesBuildPhase section */
		01789EB3260FB77B0088F773 /* Resources */ = {
			isa = PBXResourcesBuildPhase;
			buildActionMask = 2147483647;
			files = (
				01789EE9260FC71D0088F773 /* Podfile in Resources */,
				01789EC5260FB7800088F773 /* LaunchScreen.storyboard in Resources */,
				01789EC2260FB7800088F773 /* Assets.xcassets in Resources */,
			);
			runOnlyForDeploymentPostprocessing = 0;
		};
/* End PBXResourcesBuildPhase section */

/* Begin PBXShellScriptBuildPhase section */
		6D8EE002105E370EEC259C07 /* [CP] Check Pods Manifest.lock */ = {
			isa = PBXShellScriptBuildPhase;
			buildActionMask = 2147483647;
			files = (
			);
			inputFileListPaths = (
			);
			inputPaths = (
				"${PODS_PODFILE_DIR_PATH}/Podfile.lock",
				"${PODS_ROOT}/Manifest.lock",
			);
			name = "[CP] Check Pods Manifest.lock";
			outputFileListPaths = (
			);
			outputPaths = (
				"$(DERIVED_FILE_DIR)/Pods-TravelGuide-checkManifestLockResult.txt",
			);
			runOnlyForDeploymentPostprocessing = 0;
			shellPath = /bin/sh;
			shellScript = "diff \"${PODS_PODFILE_DIR_PATH}/Podfile.lock\" \"${PODS_ROOT}/Manifest.lock\" > /dev/null\nif [ $? != 0 ] ; then\n    # print error to STDERR\n    echo \"error: The sandbox is not in sync with the Podfile.lock. Run 'pod install' or update your CocoaPods installation.\" >&2\n    exit 1\nfi\n# This output is used by Xcode 'outputs' to avoid re-running this script phase.\necho \"SUCCESS\" > \"${SCRIPT_OUTPUT_FILE_0}\"\n";
			showEnvVarsInLog = 0;
		};
		7055096BE7A70B95DCE9CECE /* [CP] Embed Pods Frameworks */ = {
			isa = PBXShellScriptBuildPhase;
			buildActionMask = 2147483647;
			files = (
			);
			inputFileListPaths = (
				"${PODS_ROOT}/Target Support Files/Pods-TravelGuide/Pods-TravelGuide-frameworks-${CONFIGURATION}-input-files.xcfilelist",
			);
			name = "[CP] Embed Pods Frameworks";
			outputFileListPaths = (
				"${PODS_ROOT}/Target Support Files/Pods-TravelGuide/Pods-TravelGuide-frameworks-${CONFIGURATION}-output-files.xcfilelist",
			);
			runOnlyForDeploymentPostprocessing = 0;
			shellPath = /bin/sh;
			shellScript = "\"${PODS_ROOT}/Target Support Files/Pods-TravelGuide/Pods-TravelGuide-frameworks.sh\"\n";
			showEnvVarsInLog = 0;
		};
/* End PBXShellScriptBuildPhase section */

/* Begin PBXSourcesBuildPhase section */
		01789EB1260FB77B0088F773 /* Sources */ = {
			isa = PBXSourcesBuildPhase;
			buildActionMask = 2147483647;
			files = (
				01789EE5260FC56D0088F773 /* ToursNetworkService.swift in Sources */,
				01789EDB260FC1D80088F773 /* FeedView.swift in Sources */,
				01789ED3260FBE990088F773 /* MainNavigationController.swift in Sources */,
				01789EBD260FB77B0088F773 /* FeedViewController.swift in Sources */,
				01789EE0260FC4180088F773 /* Tour.swift in Sources */,
				01789EB9260FB77B0088F773 /* AppDelegate.swift in Sources */,
				01789ED8260FC1310088F773 /* FeedModel.swift in Sources */,
			);
			runOnlyForDeploymentPostprocessing = 0;
		};
/* End PBXSourcesBuildPhase section */

/* Begin PBXVariantGroup section */
		01789EC3260FB7800088F773 /* LaunchScreen.storyboard */ = {
			isa = PBXVariantGroup;
			children = (
				01789EC4260FB7800088F773 /* Base */,
			);
			name = LaunchScreen.storyboard;
			sourceTree = "<group>";
		};
/* End PBXVariantGroup section */

/* Begin XCBuildConfiguration section */
		01789EC7260FB7800088F773 /* Debug */ = {
			isa = XCBuildConfiguration;
			buildSettings = {
				ALWAYS_SEARCH_USER_PATHS = NO;
				CLANG_ANALYZER_NONNULL = YES;
				CLANG_ANALYZER_NUMBER_OBJECT_CONVERSION = YES_AGGRESSIVE;
				CLANG_CXX_LANGUAGE_STANDARD = "gnu++14";
				CLANG_CXX_LIBRARY = "libc++";
				CLANG_ENABLE_MODULES = YES;
				CLANG_ENABLE_OBJC_ARC = YES;
				CLANG_ENABLE_OBJC_WEAK = YES;
				CLANG_WARN_BLOCK_CAPTURE_AUTORELEASING = YES;
				CLANG_WARN_BOOL_CONVERSION = YES;
				CLANG_WARN_COMMA = YES;
				CLANG_WARN_CONSTANT_CONVERSION = YES;
				CLANG_WARN_DEPRECATED_OBJC_IMPLEMENTATIONS = YES;
				CLANG_WARN_DIRECT_OBJC_ISA_USAGE = YES_ERROR;
				CLANG_WARN_DOCUMENTATION_COMMENTS = YES;
				CLANG_WARN_EMPTY_BODY = YES;
				CLANG_WARN_ENUM_CONVERSION = YES;
				CLANG_WARN_INFINITE_RECURSION = YES;
				CLANG_WARN_INT_CONVERSION = YES;
				CLANG_WARN_NON_LITERAL_NULL_CONVERSION = YES;
				CLANG_WARN_OBJC_IMPLICIT_RETAIN_SELF = YES;
				CLANG_WARN_OBJC_LITERAL_CONVERSION = YES;
				CLANG_WARN_OBJC_ROOT_CLASS = YES_ERROR;
				CLANG_WARN_QUOTED_INCLUDE_IN_FRAMEWORK_HEADER = YES;
				CLANG_WARN_RANGE_LOOP_ANALYSIS = YES;
				CLANG_WARN_STRICT_PROTOTYPES = YES;
				CLANG_WARN_SUSPICIOUS_MOVE = YES;
				CLANG_WARN_UNGUARDED_AVAILABILITY = YES_AGGRESSIVE;
				CLANG_WARN_UNREACHABLE_CODE = YES;
				CLANG_WARN__DUPLICATE_METHOD_MATCH = YES;
				COPY_PHASE_STRIP = NO;
				DEBUG_INFORMATION_FORMAT = dwarf;
				ENABLE_STRICT_OBJC_MSGSEND = YES;
				ENABLE_TESTABILITY = YES;
				GCC_C_LANGUAGE_STANDARD = gnu11;
				GCC_DYNAMIC_NO_PIC = NO;
				GCC_NO_COMMON_BLOCKS = YES;
				GCC_OPTIMIZATION_LEVEL = 0;
				GCC_PREPROCESSOR_DEFINITIONS = (
					"DEBUG=1",
					"$(inherited)",
				);
				GCC_WARN_64_TO_32_BIT_CONVERSION = YES;
				GCC_WARN_ABOUT_RETURN_TYPE = YES_ERROR;
				GCC_WARN_UNDECLARED_SELECTOR = YES;
				GCC_WARN_UNINITIALIZED_AUTOS = YES_AGGRESSIVE;
				GCC_WARN_UNUSED_FUNCTION = YES;
				GCC_WARN_UNUSED_VARIABLE = YES;
				IPHONEOS_DEPLOYMENT_TARGET = 14.4;
				MTL_ENABLE_DEBUG_INFO = INCLUDE_SOURCE;
				MTL_FAST_MATH = YES;
				ONLY_ACTIVE_ARCH = YES;
				SDKROOT = iphoneos;
				SWIFT_ACTIVE_COMPILATION_CONDITIONS = DEBUG;
				SWIFT_OPTIMIZATION_LEVEL = "-Onone";
			};
			name = Debug;
		};
		01789EC8260FB7800088F773 /* Release */ = {
			isa = XCBuildConfiguration;
			buildSettings = {
				ALWAYS_SEARCH_USER_PATHS = NO;
				CLANG_ANALYZER_NONNULL = YES;
				CLANG_ANALYZER_NUMBER_OBJECT_CONVERSION = YES_AGGRESSIVE;
				CLANG_CXX_LANGUAGE_STANDARD = "gnu++14";
				CLANG_CXX_LIBRARY = "libc++";
				CLANG_ENABLE_MODULES = YES;
				CLANG_ENABLE_OBJC_ARC = YES;
				CLANG_ENABLE_OBJC_WEAK = YES;
				CLANG_WARN_BLOCK_CAPTURE_AUTORELEASING = YES;
				CLANG_WARN_BOOL_CONVERSION = YES;
				CLANG_WARN_COMMA = YES;
				CLANG_WARN_CONSTANT_CONVERSION = YES;
				CLANG_WARN_DEPRECATED_OBJC_IMPLEMENTATIONS = YES;
				CLANG_WARN_DIRECT_OBJC_ISA_USAGE = YES_ERROR;
				CLANG_WARN_DOCUMENTATION_COMMENTS = YES;
				CLANG_WARN_EMPTY_BODY = YES;
				CLANG_WARN_ENUM_CONVERSION = YES;
				CLANG_WARN_INFINITE_RECURSION = YES;
				CLANG_WARN_INT_CONVERSION = YES;
				CLANG_WARN_NON_LITERAL_NULL_CONVERSION = YES;
				CLANG_WARN_OBJC_IMPLICIT_RETAIN_SELF = YES;
				CLANG_WARN_OBJC_LITERAL_CONVERSION = YES;
				CLANG_WARN_OBJC_ROOT_CLASS = YES_ERROR;
				CLANG_WARN_QUOTED_INCLUDE_IN_FRAMEWORK_HEADER = YES;
				CLANG_WARN_RANGE_LOOP_ANALYSIS = YES;
				CLANG_WARN_STRICT_PROTOTYPES = YES;
				CLANG_WARN_SUSPICIOUS_MOVE = YES;
				CLANG_WARN_UNGUARDED_AVAILABILITY = YES_AGGRESSIVE;
				CLANG_WARN_UNREACHABLE_CODE = YES;
				CLANG_WARN__DUPLICATE_METHOD_MATCH = YES;
				COPY_PHASE_STRIP = NO;
				DEBUG_INFORMATION_FORMAT = "dwarf-with-dsym";
				ENABLE_NS_ASSERTIONS = NO;
				ENABLE_STRICT_OBJC_MSGSEND = YES;
				GCC_C_LANGUAGE_STANDARD = gnu11;
				GCC_NO_COMMON_BLOCKS = YES;
				GCC_WARN_64_TO_32_BIT_CONVERSION = YES;
				GCC_WARN_ABOUT_RETURN_TYPE = YES_ERROR;
				GCC_WARN_UNDECLARED_SELECTOR = YES;
				GCC_WARN_UNINITIALIZED_AUTOS = YES_AGGRESSIVE;
				GCC_WARN_UNUSED_FUNCTION = YES;
				GCC_WARN_UNUSED_VARIABLE = YES;
				IPHONEOS_DEPLOYMENT_TARGET = 14.4;
				MTL_ENABLE_DEBUG_INFO = NO;
				MTL_FAST_MATH = YES;
				SDKROOT = iphoneos;
				SWIFT_COMPILATION_MODE = wholemodule;
				SWIFT_OPTIMIZATION_LEVEL = "-O";
				VALIDATE_PRODUCT = YES;
			};
			name = Release;
		};
		01789ECA260FB7800088F773 /* Debug */ = {
			isa = XCBuildConfiguration;
			baseConfigurationReference = C22246A20D9A957D69F9153C /* Pods-TravelGuide.debug.xcconfig */;
			buildSettings = {
				ASSETCATALOG_COMPILER_APPICON_NAME = AppIcon;
				ASSETCATALOG_COMPILER_GLOBAL_ACCENT_COLOR_NAME = AccentColor;
				CODE_SIGN_STYLE = Automatic;
				DEVELOPMENT_TEAM = 9P2Q9LCYN9;
				INFOPLIST_FILE = TravelGuide/Info.plist;
				IPHONEOS_DEPLOYMENT_TARGET = 13.0;
				LD_RUNPATH_SEARCH_PATHS = (
					"$(inherited)",
					"@executable_path/Frameworks",
				);
				PRODUCT_BUNDLE_IDENTIFIER = nickpuchko.TravelGuide;
				PRODUCT_NAME = "$(TARGET_NAME)";
				SWIFT_VERSION = 5.0;
				TARGETED_DEVICE_FAMILY = 1;
			};
			name = Debug;
		};
		01789ECB260FB7800088F773 /* Release */ = {
			isa = XCBuildConfiguration;
			baseConfigurationReference = C70C83DF6AF45A4F41436664 /* Pods-TravelGuide.release.xcconfig */;
			buildSettings = {
				ASSETCATALOG_COMPILER_APPICON_NAME = AppIcon;
				ASSETCATALOG_COMPILER_GLOBAL_ACCENT_COLOR_NAME = AccentColor;
				CODE_SIGN_STYLE = Automatic;
				DEVELOPMENT_TEAM = 9P2Q9LCYN9;
				INFOPLIST_FILE = TravelGuide/Info.plist;
				IPHONEOS_DEPLOYMENT_TARGET = 13.0;
				LD_RUNPATH_SEARCH_PATHS = (
					"$(inherited)",
					"@executable_path/Frameworks",
				);
				PRODUCT_BUNDLE_IDENTIFIER = nickpuchko.TravelGuide;
				PRODUCT_NAME = "$(TARGET_NAME)";
				SWIFT_VERSION = 5.0;
				TARGETED_DEVICE_FAMILY = 1;
			};
			name = Release;
		};
/* End XCBuildConfiguration section */

/* Begin XCConfigurationList section */
		01789EB0260FB77B0088F773 /* Build configuration list for PBXProject "TravelGuide" */ = {
			isa = XCConfigurationList;
			buildConfigurations = (
				01789EC7260FB7800088F773 /* Debug */,
				01789EC8260FB7800088F773 /* Release */,
			);
			defaultConfigurationIsVisible = 0;
			defaultConfigurationName = Release;
		};
		01789EC9260FB7800088F773 /* Build configuration list for PBXNativeTarget "TravelGuide" */ = {
			isa = XCConfigurationList;
			buildConfigurations = (
				01789ECA260FB7800088F773 /* Debug */,
				01789ECB260FB7800088F773 /* Release */,
			);
			defaultConfigurationIsVisible = 0;
			defaultConfigurationName = Release;
		};
/* End XCConfigurationList section */
	};
	rootObject = 01789EAD260FB77B0088F773 /* Project object */;
}
